
Microsoft Visual Studio Solution File, Format Version 12.00
# Visual Studio 2015
Project("{FAE04EC0-301F-11D3-BF4B-00C04F79EFBC}") = "TempleRunner.CSharp.Plugins", "TempleRunner.CSharp.Plugins.csproj", "{9C385DF1-2980-FA20-4021-FE22426557A4}"
EndProject
Project("{FAE04EC0-301F-11D3-BF4B-00C04F79EFBC}") = "TempleRunner.CSharp", "TempleRunner.CSharp.csproj", "{AFAAA192-8A04-048B-B345-94A8B828716B}"
EndProject
Project("{FAE04EC0-301F-11D3-BF4B-00C04F79EFBC}") = "TempleRunner.CSharp.Editor", "TempleRunner.CSharp.Editor.csproj", "{422CCB7A-71CD-B1DB-CDCA-D4A56BE42C1F}"
EndProject
Global
	GlobalSection(SolutionConfigurationPlatforms) = preSolution
		Debug|Any CPU = Debug|Any CPU
		Release|Any CPU = Release|Any CPU
	EndGlobalSection
	GlobalSection(ProjectConfigurationPlatforms) = postSolution
		{9C385DF1-2980-FA20-4021-FE22426557A4}.Debug|Any CPU.ActiveCfg = Debug|Any CPU
		{9C385DF1-2980-FA20-4021-FE22426557A4}.Debug|Any CPU.Build.0 = Debug|Any CPU
		{9C385DF1-2980-FA20-4021-FE22426557A4}.Release|Any CPU.ActiveCfg = Release|Any CPU
		{9C385DF1-2980-FA20-4021-FE22426557A4}.Release|Any CPU.Build.0 = Release|Any CPU
		{AFAAA192-8A04-048B-B345-94A8B828716B}.Debug|Any CPU.ActiveCfg = Debug|Any CPU
		{AFAAA192-8A04-048B-B345-94A8B828716B}.Debug|Any CPU.Build.0 = Debug|Any CPU
		{AFAAA192-8A04-048B-B345-94A8B828716B}.Release|Any CPU.ActiveCfg = Release|Any CPU
		{AFAAA192-8A04-048B-B345-94A8B828716B}.Release|Any CPU.Build.0 = Release|Any CPU
		{422CCB7A-71CD-B1DB-CDCA-D4A56BE42C1F}.Debug|Any CPU.ActiveCfg = Debug|Any CPU
		{422CCB7A-71CD-B1DB-CDCA-D4A56BE42C1F}.Debug|Any CPU.Build.0 = Debug|Any CPU
		{422CCB7A-71CD-B1DB-CDCA-D4A56BE42C1F}.Release|Any CPU.ActiveCfg = Release|Any CPU
		{422CCB7A-71CD-B1DB-CDCA-D4A56BE42C1F}.Release|Any CPU.Build.0 = Release|Any CPU
	EndGlobalSection
	GlobalSection(SolutionProperties) = preSolution
		HideSolutionNode = FALSE
	EndGlobalSection
EndGlobal
