
Microsoft Visual Studio Solution File, Format Version 12.00
# Visual Studio 2015
Project("{FAE04EC0-301F-11D3-BF4B-00C04F79EFBC}") = "TempleRunner3.CSharp.Plugins", "TempleRunner3.CSharp.Plugins.csproj", "{B75E9916-3CE1-BBAE-94D1-83D66DA45CF6}"
EndProject
Project("{FAE04EC0-301F-11D3-BF4B-00C04F79EFBC}") = "TempleRunner3.CSharp", "TempleRunner3.CSharp.csproj", "{36ACD950-BBA2-63A8-AD3C-96CA5E3E266F}"
EndProject
Project("{FAE04EC0-301F-11D3-BF4B-00C04F79EFBC}") = "TempleRunner3.CSharp.Editor", "TempleRunner3.CSharp.Editor.csproj", "{327B9C9F-3D15-E96C-98C5-14910A1917BE}"
EndProject
Global
	GlobalSection(SolutionConfigurationPlatforms) = preSolution
		Debug|Any CPU = Debug|Any CPU
		Release|Any CPU = Release|Any CPU
	EndGlobalSection
	GlobalSection(ProjectConfigurationPlatforms) = postSolution
		{B75E9916-3CE1-BBAE-94D1-83D66DA45CF6}.Debug|Any CPU.ActiveCfg = Debug|Any CPU
		{B75E9916-3CE1-BBAE-94D1-83D66DA45CF6}.Debug|Any CPU.Build.0 = Debug|Any CPU
		{B75E9916-3CE1-BBAE-94D1-83D66DA45CF6}.Release|Any CPU.ActiveCfg = Release|Any CPU
		{B75E9916-3CE1-BBAE-94D1-83D66DA45CF6}.Release|Any CPU.Build.0 = Release|Any CPU
		{36ACD950-BBA2-63A8-AD3C-96CA5E3E266F}.Debug|Any CPU.ActiveCfg = Debug|Any CPU
		{36ACD950-BBA2-63A8-AD3C-96CA5E3E266F}.Debug|Any CPU.Build.0 = Debug|Any CPU
		{36ACD950-BBA2-63A8-AD3C-96CA5E3E266F}.Release|Any CPU.ActiveCfg = Release|Any CPU
		{36ACD950-BBA2-63A8-AD3C-96CA5E3E266F}.Release|Any CPU.Build.0 = Release|Any CPU
		{327B9C9F-3D15-E96C-98C5-14910A1917BE}.Debug|Any CPU.ActiveCfg = Debug|Any CPU
		{327B9C9F-3D15-E96C-98C5-14910A1917BE}.Debug|Any CPU.Build.0 = Debug|Any CPU
		{327B9C9F-3D15-E96C-98C5-14910A1917BE}.Release|Any CPU.ActiveCfg = Release|Any CPU
		{327B9C9F-3D15-E96C-98C5-14910A1917BE}.Release|Any CPU.Build.0 = Release|Any CPU
	EndGlobalSection
	GlobalSection(SolutionProperties) = preSolution
		HideSolutionNode = FALSE
	EndGlobalSection
EndGlobal
